
Microsoft Visual Studio Solution File, Format Version 12.00
# Visual Studio 15
VisualStudioVersion = 15.0.27428.2043
MinimumVisualStudioVersion = 10.0.40219.1
Project("{8BC9CEB8-8B4A-11D0-8D11-00A0C91BC942}") = "Hello_world", "Hello_world\Hello_world.vcxproj", "{4BED14EF-DAC1-4AC4-9B7C-84D3AC107121}"
EndProject
Global
	GlobalSection(SolutionConfigurationPlatforms) = preSolution
		Debug|PSVita = Debug|PSVita
		Release|PSVita = Release|PSVita
	EndGlobalSection
	GlobalSection(ProjectConfigurationPlatforms) = postSolution
		{4BED14EF-DAC1-4AC4-9B7C-84D3AC107121}.Debug|PSVita.ActiveCfg = Debug|PSVita
		{4BED14EF-DAC1-4AC4-9B7C-84D3AC107121}.Debug|PSVita.Build.0 = Debug|PSVita
		{4BED14EF-DAC1-4AC4-9B7C-84D3AC107121}.Release|PSVita.ActiveCfg = Release|PSVita
		{4BED14EF-DAC1-4AC4-9B7C-84D3AC107121}.Release|PSVita.Build.0 = Release|PSVita
	EndGlobalSection
	GlobalSection(SolutionProperties) = preSolution
		HideSolutionNode = FALSE
	EndGlobalSection
	GlobalSection(ExtensibilityGlobals) = postSolution
		SolutionGuid = {F7CF75A2-0267-41A1-B665-4B6B8F6368E0}
	EndGlobalSection
EndGlobal
